Microsoft Visual Studio Solution File, Format Version 12.00
# Visual Studio Version 17
VisualStudioVersion = 17.5.2.0
MinimumVisualStudioVersion = 10.0.40219.1
Project("{FAE04EC0-301F-11D3-BF4B-00C04F79EFBC}") = "KumariCinema", "KumariCinema.csproj", "{43287EE7-72DE-649B-22D6-D7481F27ED81}"
EndProject
Global
	GlobalSection(SolutionConfigurationPlatforms) = preSolution
		Debug|Any CPU = Debug|Any CPU
		Release|Any CPU = Release|Any CPU
	EndGlobalSection
	GlobalSection(ProjectConfigurationPlatforms) = postSolution
		{43287EE7-72DE-649B-22D6-D7481F27ED81}.Debug|Any CPU.ActiveCfg = Debug|Any CPU
		{43287EE7-72DE-649B-22D6-D7481F27ED81}.Debug|Any CPU.Build.0 = Debug|Any CPU
		{43287EE7-72DE-649B-22D6-D7481F27ED81}.Release|Any CPU.ActiveCfg = Release|Any CPU
		{43287EE7-72DE-649B-22D6-D7481F27ED81}.Release|Any CPU.Build.0 = Release|Any CPU
	EndGlobalSection
	GlobalSection(SolutionProperties) = preSolution
		HideSolutionNode = FALSE
	EndGlobalSection
	GlobalSection(ExtensibilityGlobals) = postSolution
		SolutionGuid = {676FD468-8600-4285-BC04-51A93161938C}
	EndGlobalSection
EndGlobal
